{
  "name": "tech-snail",
  "version": "1.0.0",
  "lockfileVersion": 1,
  "requires": true,
  "dependencies": {
    "moment": {
      "version": "2.29.2",
      "resolved": "https://registry.npmjs.org/moment/-/moment-2.29.2.tgz",
      "integrity": "sha512-UgzG4rvxYpN15jgCmVJwac49h9ly9NurikMWGPdVxm8GZD6XjkKPxDTjQQ43gtGgnV3X0cAyWDdP2Wexoquifg==",
      "dev": true
    },
    "vuepress-plugin-baidu-google-analytics": {
      "version": "1.0.2",
      "resolved": "https://registry.npmjs.org/vuepress-plugin-baidu-google-analytics/-/vuepress-plugin-baidu-google-analytics-1.0.2.tgz",
      "integrity": "sha512-gPPzdAvihCFfAWVebrPFMTKA+334NBnjyOd4jUnXUdB1dfxEhKfIBNn3XpE2SYICZRwkWGunjZ+rjbrdpqUefw==",
      "dev": true
    }
  }
}
