{
  "name": "tech-snail",
  "version": "1.0.0",
  "lockfileVersion": 1,
  "requires": true,
  "dependencies": {
    "vuepress-plugin-baidu-google-analytics": {
      "version": "1.0.0",
      "resolved": "https://registry.npmjs.org/vuepress-plugin-baidu-google-analytics/-/vuepress-plugin-baidu-google-analytics-1.0.0.tgz",
      "integrity": "sha512-bXVaURSb2/1LnVKPQMLTmls2sVuY/nBg2myw8HmRywSsj9kfOERwW4QXas13gdrgx79CLLH5uu4VGrj85F0GTw==",
      "dev": true
    }
  }
}
